
Microsoft Visual Studio Solution File, Format Version 12.00
Project("{FAE04EC0-301F-11D3-BF4B-00C04F79EFBC}") = "ECommerce", "ECommerce\ECommerce.csproj", "{BFF428CB-02B9-4F65-821E-57E55C0E20E2}"
EndProject
Global
	GlobalSection(SolutionConfigurationPlatforms) = preSolution
		Debug|Any CPU = Debug|Any CPU
		Release|Any CPU = Release|Any CPU
	EndGlobalSection
	GlobalSection(ProjectConfigurationPlatforms) = postSolution
		{BFF428CB-02B9-4F65-821E-57E55C0E20E2}.Debug|Any CPU.ActiveCfg = Debug|Any CPU
		{BFF428CB-02B9-4F65-821E-57E55C0E20E2}.Debug|Any CPU.Build.0 = Debug|Any CPU
		{BFF428CB-02B9-4F65-821E-57E55C0E20E2}.Release|Any CPU.ActiveCfg = Release|Any CPU
		{BFF428CB-02B9-4F65-821E-57E55C0E20E2}.Release|Any CPU.Build.0 = Release|Any CPU
	EndGlobalSection
EndGlobal
